// !$*UTF8*$!
{
	archiveVersion = 1;
	classes = {
	};
	objectVersion = 48;
	objects = {

/* Begin PBXBuildFile section */
		6003F58E195388D20070C39A /* Foundation.framework in Frameworks */ = {isa = PBXBuildFile; fileRef = 6003F58D195388D20070C39A /* Foundation.framework */; };
		6003F590195388D20070C39A /* CoreGraphics.framework in Frameworks */ = {isa = PBXBuildFile; fileRef = 6003F58F195388D20070C39A /* CoreGraphics.framework */; };
		6003F592195388D20070C39A /* UIKit.framework in Frameworks */ = {isa = PBXBuildFile; fileRef = 6003F591195388D20070C39A /* UIKit.framework */; };
		6003F598195388D20070C39A /* InfoPlist.strings in Resources */ = {isa = PBXBuildFile; fileRef = 6003F596195388D20070C39A /* InfoPlist.strings */; };
		6003F59A195388D20070C39A /* main.mm in Sources */ = {isa = PBXBuildFile; fileRef = 6003F599195388D20070C39A /* main.mm */; };
		6003F5A9195388D20070C39A /* Images.xcassets in Resources */ = {isa = PBXBuildFile; fileRef = 6003F5A8195388D20070C39A /* Images.xcassets */; };
		6003F5B0195388D20070C39A /* XCTest.framework in Frameworks */ = {isa = PBXBuildFile; fileRef = 6003F5AF195388D20070C39A /* XCTest.framework */; };
		6003F5B1195388D20070C39A /* Foundation.framework in Frameworks */ = {isa = PBXBuildFile; fileRef = 6003F58D195388D20070C39A /* Foundation.framework */; };
		6003F5B2195388D20070C39A /* UIKit.framework in Frameworks */ = {isa = PBXBuildFile; fileRef = 6003F591195388D20070C39A /* UIKit.framework */; };
		6003F5BA195388D20070C39A /* InfoPlist.strings in Resources */ = {isa = PBXBuildFile; fileRef = 6003F5B8195388D20070C39A /* InfoPlist.strings */; };
		6003F5BC195388D20070C39A /* Tests.m in Sources */ = {isa = PBXBuildFile; fileRef = 6003F5BB195388D20070C39A /* Tests.m */; };
		9DBF5B2A1DD3FAD000955FC4 /* ListenerViewController.mm in Sources */ = {isa = PBXBuildFile; fileRef = 9DBF5B191DD3FAD000955FC4 /* ListenerViewController.mm */; };
		9DBF5B2B1DD3FAD000955FC4 /* TalkerViewController.mm in Sources */ = {isa = PBXBuildFile; fileRef = 9DBF5B1B1DD3FAD000955FC4 /* TalkerViewController.mm */; };
		9DBF5B2C1DD3FAD000955FC4 /* TopicListTableViewController.mm in Sources */ = {isa = PBXBuildFile; fileRef = 9DBF5B1D1DD3FAD000955FC4 /* TopicListTableViewController.mm */; };
		9DBF5B2E1DD3FAD000955FC4 /* ROSListenerNode.mm in Sources */ = {isa = PBXBuildFile; fileRef = 9DBF5B221DD3FAD000955FC4 /* ROSListenerNode.mm */; };
		9DBF5B2F1DD3FAD000955FC4 /* ROSTalkerNode.mm in Sources */ = {isa = PBXBuildFile; fileRef = 9DBF5B241DD3FAD000955FC4 /* ROSTalkerNode.mm */; };
		9DBF5B301DD3FAD000955FC4 /* AppDelegate.m in Sources */ = {isa = PBXBuildFile; fileRef = 9DBF5B261DD3FAD000955FC4 /* AppDelegate.m */; };
		9DBF5B311DD3FAD000955FC4 /* TopicListTableViewCell.m in Sources */ = {isa = PBXBuildFile; fileRef = 9DBF5B291DD3FAD000955FC4 /* TopicListTableViewCell.m */; };
		9DBF5B341DD3FBB300955FC4 /* FlightDisplayViewController.swift in Sources */ = {isa = PBXBuildFile; fileRef = 9DBF5B331DD3FBB300955FC4 /* FlightDisplayViewController.swift */; };
		9DBF5B491DD3FC6600955FC4 /* Attitude.swift in Sources */ = {isa = PBXBuildFile; fileRef = 9DBF5B371DD3FC6600955FC4 /* Attitude.swift */; };
		9DBF5B4A1DD3FC6600955FC4 /* AttitudeReferenceIndex.swift in Sources */ = {isa = PBXBuildFile; fileRef = 9DBF5B381DD3FC6600955FC4 /* AttitudeReferenceIndex.swift */; };
		9DBF5B4B1DD3FC6600955FC4 /* BankIndicator.swift in Sources */ = {isa = PBXBuildFile; fileRef = 9DBF5B391DD3FC6600955FC4 /* BankIndicator.swift */; };
		9DBF5B4C1DD3FC6600955FC4 /* CGFloat+Additions.swift in Sources */ = {isa = PBXBuildFile; fileRef = 9DBF5B3A1DD3FC6600955FC4 /* CGFloat+Additions.swift */; };
		9DBF5B4D1DD3FC6600955FC4 /* CGSize+Additions.swift in Sources */ = {isa = PBXBuildFile; fileRef = 9DBF5B3B1DD3FC6600955FC4 /* CGSize+Additions.swift */; };
		9DBF5B4E1DD3FC6600955FC4 /* Double+Additions.swift in Sources */ = {isa = PBXBuildFile; fileRef = 9DBF5B3C1DD3FC6600955FC4 /* Double+Additions.swift */; };
		9DBF5B4F1DD3FC6600955FC4 /* Horizon.swift in Sources */ = {isa = PBXBuildFile; fileRef = 9DBF5B3D1DD3FC6600955FC4 /* Horizon.swift */; };
		9DBF5B501DD3FC6600955FC4 /* Int+Additions.swift in Sources */ = {isa = PBXBuildFile; fileRef = 9DBF5B3E1DD3FC6600955FC4 /* Int+Additions.swift */; };
		9DBF5B511DD3FC6600955FC4 /* PitchLadder.swift in Sources */ = {isa = PBXBuildFile; fileRef = 9DBF5B3F1DD3FC6600955FC4 /* PitchLadder.swift */; };
		9DBF5B521DD3FC6600955FC4 /* PrimaryFlightDisplay.swift in Sources */ = {isa = PBXBuildFile; fileRef = 9DBF5B411DD3FC6600955FC4 /* PrimaryFlightDisplay.swift */; };
		9DBF5B531DD3FC6600955FC4 /* Settings.swift in Sources */ = {isa = PBXBuildFile; fileRef = 9DBF5B421DD3FC6600955FC4 /* Settings.swift */; };
		9DBF5B541DD3FC6600955FC4 /* TapeCell.swift in Sources */ = {isa = PBXBuildFile; fileRef = 9DBF5B431DD3FC6600955FC4 /* TapeCell.swift */; };
		9DBF5B551DD3FC6600955FC4 /* TapeCellContainer.swift in Sources */ = {isa = PBXBuildFile; fileRef = 9DBF5B441DD3FC6600955FC4 /* TapeCellContainer.swift */; };
		9DBF5B561DD3FC6600955FC4 /* TapeCellModel.swift in Sources */ = {isa = PBXBuildFile; fileRef = 9DBF5B451DD3FC6600955FC4 /* TapeCellModel.swift */; };
		9DBF5B571DD3FC6600955FC4 /* TapeCellTriad.swift in Sources */ = {isa = PBXBuildFile; fileRef = 9DBF5B461DD3FC6600955FC4 /* TapeCellTriad.swift */; };
		9DBF5B581DD3FC6600955FC4 /* TapeIndicator.swift in Sources */ = {isa = PBXBuildFile; fileRef = 9DBF5B471DD3FC6600955FC4 /* TapeIndicator.swift */; };
		9DBF5B591DD3FC6600955FC4 /* TapePointer.swift in Sources */ = {isa = PBXBuildFile; fileRef = 9DBF5B481DD3FC6600955FC4 /* TapePointer.swift */; };
		9DBF5B5B1DD401F700955FC4 /* ROSConfigViewController.swift in Sources */ = {isa = PBXBuildFile; fileRef = 9DBF5B5A1DD401F700955FC4 /* ROSConfigViewController.swift */; };
		9DBF5B601DD4054D00955FC4 /* ConfigurationViewController.mm in Sources */ = {isa = PBXBuildFile; fileRef = 9DBF5B5D1DD4054D00955FC4 /* ConfigurationViewController.mm */; };
		9DBF5B661DD4063800955FC4 /* ROSSetupHandler.mm in Sources */ = {isa = PBXBuildFile; fileRef = 9DBF5B651DD4063800955FC4 /* ROSSetupHandler.mm */; };
		B452AE26C63365B93D775458 /* libPods-ROS-Display.a in Frameworks */ = {isa = PBXBuildFile; fileRef = 1518ACF784946071447C987C /* libPods-ROS-Display.a */; };
		F85648171A71356E00A42326 /* LaunchScreen.xib in Resources */ = {isa = PBXBuildFile; fileRef = F85648161A71356E00A42326 /* LaunchScreen.xib */; };
		F856481A1A7135F400A42326 /* Main.storyboard in Resources */ = {isa = PBXBuildFile; fileRef = F85648181A7135F400A42326 /* Main.storyboard */; };
/* End PBXBuildFile section */

/* Begin PBXContainerItemProxy section */
		6003F5B3195388D20070C39A /* PBXContainerItemProxy */ = {
			isa = PBXContainerItemProxy;
			containerPortal = 6003F582195388D10070C39A /* Project object */;
			proxyType = 1;
			remoteGlobalIDString = 6003F589195388D20070C39A;
			remoteInfo = ROSiOS;
		};
/* End PBXContainerItemProxy section */

/* Begin PBXFileReference section */
		02FFFB80B2AAAC2E43DAA707 /* libPods-Tests.a */ = {isa = PBXFileReference; explicitFileType = archive.ar; includeInIndex = 0; path = "libPods-Tests.a"; sourceTree = BUILT_PRODUCTS_DIR; };
		1518ACF784946071447C987C /* libPods-ROS-Display.a */ = {isa = PBXFileReference; explicitFileType = archive.ar; includeInIndex = 0; path = "libPods-ROS-Display.a"; sourceTree = BUILT_PRODUCTS_DIR; };
		26D3E5B1CFF47FBE26C0937D /* Pods-ROS-Display.debug.xcconfig */ = {isa = PBXFileReference; includeInIndex = 1; lastKnownFileType = text.xcconfig; name = "Pods-ROS-Display.debug.xcconfig"; path = "Pods/Target Support Files/Pods-ROS-Display/Pods-ROS-Display.debug.xcconfig"; sourceTree = "<group>"; };
		6003F58A195388D20070C39A /* ROS-Display.app */ = {isa = PBXFileReference; explicitFileType = wrapper.application; includeInIndex = 0; path = "ROS-Display.app"; sourceTree = BUILT_PRODUCTS_DIR; };
		6003F58D195388D20070C39A /* Foundation.framework */ = {isa = PBXFileReference; lastKnownFileType = wrapper.framework; name = Foundation.framework; path = System/Library/Frameworks/Foundation.framework; sourceTree = SDKROOT; };
		6003F58F195388D20070C39A /* CoreGraphics.framework */ = {isa = PBXFileReference; lastKnownFileType = wrapper.framework; name = CoreGraphics.framework; path = System/Library/Frameworks/CoreGraphics.framework; sourceTree = SDKROOT; };
		6003F591195388D20070C39A /* UIKit.framework */ = {isa = PBXFileReference; lastKnownFileType = wrapper.framework; name = UIKit.framework; path = System/Library/Frameworks/UIKit.framework; sourceTree = SDKROOT; };
		6003F595195388D20070C39A /* ROS-Display-Info.plist */ = {isa = PBXFileReference; lastKnownFileType = text.plist.xml; path = "ROS-Display-Info.plist"; sourceTree = "<group>"; };
		6003F597195388D20070C39A /* en */ = {isa = PBXFileReference; lastKnownFileType = text.plist.strings; name = en; path = en.lproj/InfoPlist.strings; sourceTree = "<group>"; };
		6003F599195388D20070C39A /* main.mm */ = {isa = PBXFileReference; lastKnownFileType = sourcecode.cpp.objcpp; path = main.mm; sourceTree = "<group>"; };
		6003F59B195388D20070C39A /* ROS-Display-Prefix.pch */ = {isa = PBXFileReference; lastKnownFileType = sourcecode.c.h; path = "ROS-Display-Prefix.pch"; sourceTree = "<group>"; };
		6003F5A8195388D20070C39A /* Images.xcassets */ = {isa = PBXFileReference; lastKnownFileType = folder.assetcatalog; path = Images.xcassets; sourceTree = "<group>"; };
		6003F5AE195388D20070C39A /* Tests.xctest */ = {isa = PBXFileReference; explicitFileType = wrapper.cfbundle; includeInIndex = 0; path = Tests.xctest; sourceTree = BUILT_PRODUCTS_DIR; };
		6003F5AF195388D20070C39A /* XCTest.framework */ = {isa = PBXFileReference; lastKnownFileType = wrapper.framework; name = XCTest.framework; path = Library/Frameworks/XCTest.framework; sourceTree = DEVELOPER_DIR; };
		6003F5B7195388D20070C39A /* Tests-Info.plist */ = {isa = PBXFileReference; lastKnownFileType = text.plist.xml; path = "Tests-Info.plist"; sourceTree = "<group>"; };
		6003F5B9195388D20070C39A /* en */ = {isa = PBXFileReference; lastKnownFileType = text.plist.strings; name = en; path = en.lproj/InfoPlist.strings; sourceTree = "<group>"; };
		6003F5BB195388D20070C39A /* Tests.m */ = {isa = PBXFileReference; lastKnownFileType = sourcecode.c.objc; path = Tests.m; sourceTree = "<group>"; };
		606FC2411953D9B200FFA9A0 /* Tests-Prefix.pch */ = {isa = PBXFileReference; lastKnownFileType = sourcecode.c.h; path = "Tests-Prefix.pch"; sourceTree = "<group>"; };
		71C176B9B0D2CD718D320554 /* Pods-ROS-Display.release.xcconfig */ = {isa = PBXFileReference; includeInIndex = 1; lastKnownFileType = text.xcconfig; name = "Pods-ROS-Display.release.xcconfig"; path = "Pods/Target Support Files/Pods-ROS-Display/Pods-ROS-Display.release.xcconfig"; sourceTree = "<group>"; };
		9D5B0FDB1DE4FDF600CE0A6F /* UIAlertController+Window.h */ = {isa = PBXFileReference; fileEncoding = 4; lastKnownFileType = sourcecode.c.h; path = "UIAlertController+Window.h"; sourceTree = "<group>"; };
		9DBF5B181DD3FAD000955FC4 /* ListenerViewController.h */ = {isa = PBXFileReference; fileEncoding = 4; lastKnownFileType = sourcecode.c.h; path = ListenerViewController.h; sourceTree = "<group>"; };
		9DBF5B191DD3FAD000955FC4 /* ListenerViewController.mm */ = {isa = PBXFileReference; fileEncoding = 4; lastKnownFileType = sourcecode.cpp.objcpp; path = ListenerViewController.mm; sourceTree = "<group>"; };
		9DBF5B1A1DD3FAD000955FC4 /* TalkerViewController.h */ = {isa = PBXFileReference; fileEncoding = 4; lastKnownFileType = sourcecode.c.h; path = TalkerViewController.h; sourceTree = "<group>"; };
		9DBF5B1B1DD3FAD000955FC4 /* TalkerViewController.mm */ = {isa = PBXFileReference; fileEncoding = 4; lastKnownFileType = sourcecode.cpp.objcpp; path = TalkerViewController.mm; sourceTree = "<group>"; };
		9DBF5B1C1DD3FAD000955FC4 /* TopicListTableViewController.h */ = {isa = PBXFileReference; fileEncoding = 4; lastKnownFileType = sourcecode.c.h; path = TopicListTableViewController.h; sourceTree = "<group>"; };
		9DBF5B1D1DD3FAD000955FC4 /* TopicListTableViewController.mm */ = {isa = PBXFileReference; fileEncoding = 4; lastKnownFileType = sourcecode.cpp.objcpp; path = TopicListTableViewController.mm; sourceTree = "<group>"; };
		9DBF5B211DD3FAD000955FC4 /* ROSListenerNode.h */ = {isa = PBXFileReference; fileEncoding = 4; lastKnownFileType = sourcecode.c.h; path = ROSListenerNode.h; sourceTree = "<group>"; };
		9DBF5B221DD3FAD000955FC4 /* ROSListenerNode.mm */ = {isa = PBXFileReference; fileEncoding = 4; lastKnownFileType = sourcecode.cpp.objcpp; path = ROSListenerNode.mm; sourceTree = "<group>"; };
		9DBF5B231DD3FAD000955FC4 /* ROSTalkerNode.h */ = {isa = PBXFileReference; fileEncoding = 4; lastKnownFileType = sourcecode.c.h; path = ROSTalkerNode.h; sourceTree = "<group>"; };
		9DBF5B241DD3FAD000955FC4 /* ROSTalkerNode.mm */ = {isa = PBXFileReference; fileEncoding = 4; lastKnownFileType = sourcecode.cpp.objcpp; path = ROSTalkerNode.mm; sourceTree = "<group>"; };
		9DBF5B251DD3FAD000955FC4 /* AppDelegate.h */ = {isa = PBXFileReference; fileEncoding = 4; lastKnownFileType = sourcecode.c.h; path = AppDelegate.h; sourceTree = "<group>"; };
		9DBF5B261DD3FAD000955FC4 /* AppDelegate.m */ = {isa = PBXFileReference; fileEncoding = 4; lastKnownFileType = sourcecode.c.objc; path = AppDelegate.m; sourceTree = "<group>"; };
		9DBF5B281DD3FAD000955FC4 /* TopicListTableViewCell.h */ = {isa = PBXFileReference; fileEncoding = 4; lastKnownFileType = sourcecode.c.h; path = TopicListTableViewCell.h; sourceTree = "<group>"; };
		9DBF5B291DD3FAD000955FC4 /* TopicListTableViewCell.m */ = {isa = PBXFileReference; fileEncoding = 4; lastKnownFileType = sourcecode.c.objc; path = TopicListTableViewCell.m; sourceTree = "<group>"; };
		9DBF5B331DD3FBB300955FC4 /* FlightDisplayViewController.swift */ = {isa = PBXFileReference; fileEncoding = 4; lastKnownFileType = sourcecode.swift; path = FlightDisplayViewController.swift; sourceTree = "<group>"; };
		9DBF5B351DD3FC1200955FC4 /* ROSiOS-Bridging-Header.h */ = {isa = PBXFileReference; fileEncoding = 4; lastKnownFileType = sourcecode.c.h; path = "ROSiOS-Bridging-Header.h"; sourceTree = "<group>"; };
		9DBF5B371DD3FC6600955FC4 /* Attitude.swift */ = {isa = PBXFileReference; fileEncoding = 4; lastKnownFileType = sourcecode.swift; path = Attitude.swift; sourceTree = "<group>"; };
		9DBF5B381DD3FC6600955FC4 /* AttitudeReferenceIndex.swift */ = {isa = PBXFileReference; fileEncoding = 4; lastKnownFileType = sourcecode.swift; path = AttitudeReferenceIndex.swift; sourceTree = "<group>"; };
		9DBF5B391DD3FC6600955FC4 /* BankIndicator.swift */ = {isa = PBXFileReference; fileEncoding = 4; lastKnownFileType = sourcecode.swift; path = BankIndicator.swift; sourceTree = "<group>"; };
		9DBF5B3A1DD3FC6600955FC4 /* CGFloat+Additions.swift */ = {isa = PBXFileReference; fileEncoding = 4; lastKnownFileType = sourcecode.swift; path = "CGFloat+Additions.swift"; sourceTree = "<group>"; };
		9DBF5B3B1DD3FC6600955FC4 /* CGSize+Additions.swift */ = {isa = PBXFileReference; fileEncoding = 4; lastKnownFileType = sourcecode.swift; path = "CGSize+Additions.swift"; sourceTree = "<group>"; };
		9DBF5B3C1DD3FC6600955FC4 /* Double+Additions.swift */ = {isa = PBXFileReference; fileEncoding = 4; lastKnownFileType = sourcecode.swift; path = "Double+Additions.swift"; sourceTree = "<group>"; };
		9DBF5B3D1DD3FC6600955FC4 /* Horizon.swift */ = {isa = PBXFileReference; fileEncoding = 4; lastKnownFileType = sourcecode.swift; path = Horizon.swift; sourceTree = "<group>"; };
		9DBF5B3E1DD3FC6600955FC4 /* Int+Additions.swift */ = {isa = PBXFileReference; fileEncoding = 4; lastKnownFileType = sourcecode.swift; path = "Int+Additions.swift"; sourceTree = "<group>"; };
		9DBF5B3F1DD3FC6600955FC4 /* PitchLadder.swift */ = {isa = PBXFileReference; fileEncoding = 4; lastKnownFileType = sourcecode.swift; path = PitchLadder.swift; sourceTree = "<group>"; };
		9DBF5B401DD3FC6600955FC4 /* PrimaryFlightDisplay.h */ = {isa = PBXFileReference; fileEncoding = 4; lastKnownFileType = sourcecode.c.h; path = PrimaryFlightDisplay.h; sourceTree = "<group>"; };
		9DBF5B411DD3FC6600955FC4 /* PrimaryFlightDisplay.swift */ = {isa = PBXFileReference; fileEncoding = 4; lastKnownFileType = sourcecode.swift; path = PrimaryFlightDisplay.swift; sourceTree = "<group>"; };
		9DBF5B421DD3FC6600955FC4 /* Settings.swift */ = {isa = PBXFileReference; fileEncoding = 4; lastKnownFileType = sourcecode.swift; path = Settings.swift; sourceTree = "<group>"; };
		9DBF5B431DD3FC6600955FC4 /* TapeCell.swift */ = {isa = PBXFileReference; fileEncoding = 4; lastKnownFileType = sourcecode.swift; path = TapeCell.swift; sourceTree = "<group>"; };
		9DBF5B441DD3FC6600955FC4 /* TapeCellContainer.swift */ = {isa = PBXFileReference; fileEncoding = 4; lastKnownFileType = sourcecode.swift; path = TapeCellContainer.swift; sourceTree = "<group>"; };
		9DBF5B451DD3FC6600955FC4 /* TapeCellModel.swift */ = {isa = PBXFileReference; fileEncoding = 4; lastKnownFileType = sourcecode.swift; path = TapeCellModel.swift; sourceTree = "<group>"; };
		9DBF5B461DD3FC6600955FC4 /* TapeCellTriad.swift */ = {isa = PBXFileReference; fileEncoding = 4; lastKnownFileType = sourcecode.swift; path = TapeCellTriad.swift; sourceTree = "<group>"; };
		9DBF5B471DD3FC6600955FC4 /* TapeIndicator.swift */ = {isa = PBXFileReference; fileEncoding = 4; lastKnownFileType = sourcecode.swift; path = TapeIndicator.swift; sourceTree = "<group>"; };
		9DBF5B481DD3FC6600955FC4 /* TapePointer.swift */ = {isa = PBXFileReference; fileEncoding = 4; lastKnownFileType = sourcecode.swift; path = TapePointer.swift; sourceTree = "<group>"; };
		9DBF5B5A1DD401F700955FC4 /* ROSConfigViewController.swift */ = {isa = PBXFileReference; fileEncoding = 4; lastKnownFileType = sourcecode.swift; path = ROSConfigViewController.swift; sourceTree = "<group>"; };
		9DBF5B5C1DD4054D00955FC4 /* ConfigurationViewController.h */ = {isa = PBXFileReference; fileEncoding = 4; lastKnownFileType = sourcecode.c.h; path = ConfigurationViewController.h; sourceTree = "<group>"; };
		9DBF5B5D1DD4054D00955FC4 /* ConfigurationViewController.mm */ = {isa = PBXFileReference; fileEncoding = 4; lastKnownFileType = sourcecode.cpp.objcpp; path = ConfigurationViewController.mm; sourceTree = "<group>"; };
		9DBF5B641DD4063800955FC4 /* ROSSetupHandler.h */ = {isa = PBXFileReference; fileEncoding = 4; lastKnownFileType = sourcecode.c.h; path = ROSSetupHandler.h; sourceTree = "<group>"; };
		9DBF5B651DD4063800955FC4 /* ROSSetupHandler.mm */ = {isa = PBXFileReference; fileEncoding = 4; lastKnownFileType = sourcecode.cpp.objcpp; path = ROSSetupHandler.mm; sourceTree = "<group>"; };
		F85648161A71356E00A42326 /* LaunchScreen.xib */ = {isa = PBXFileReference; fileEncoding = 4; lastKnownFileType = file.xib; path = LaunchScreen.xib; sourceTree = "<group>"; };
		F85648191A7135F400A42326 /* Base */ = {isa = PBXFileReference; lastKnownFileType = file.storyboard; name = Base; path = ROSiOS/Base.lproj/Main.storyboard; sourceTree = "<group>"; };
/* End PBXFileReference section */

/* Begin PBXFrameworksBuildPhase section */
		6003F587195388D20070C39A /* Frameworks */ = {
			isa = PBXFrameworksBuildPhase;
			buildActionMask = 2147483647;
			files = (
				6003F590195388D20070C39A /* CoreGraphics.framework in Frameworks */,
				6003F592195388D20070C39A /* UIKit.framework in Frameworks */,
				6003F58E195388D20070C39A /* Foundation.framework in Frameworks */,
				B452AE26C63365B93D775458 /* libPods-ROS-Display.a in Frameworks */,
			);
			runOnlyForDeploymentPostprocessing = 0;
		};
		6003F5AB195388D20070C39A /* Frameworks */ = {
			isa = PBXFrameworksBuildPhase;
			buildActionMask = 2147483647;
			files = (
				6003F5B0195388D20070C39A /* XCTest.framework in Frameworks */,
				6003F5B2195388D20070C39A /* UIKit.framework in Frameworks */,
				6003F5B1195388D20070C39A /* Foundation.framework in Frameworks */,
			);
			runOnlyForDeploymentPostprocessing = 0;
		};
/* End PBXFrameworksBuildPhase section */

/* Begin PBXGroup section */
		22340A55430A4B39F9A7ADC6 /* Pods */ = {
			isa = PBXGroup;
			children = (
				26D3E5B1CFF47FBE26C0937D /* Pods-ROS-Display.debug.xcconfig */,
				71C176B9B0D2CD718D320554 /* Pods-ROS-Display.release.xcconfig */,
			);
			name = Pods;
			sourceTree = "<group>";
		};
		6003F581195388D10070C39A = {
			isa = PBXGroup;
			children = (
				6003F593195388D20070C39A /* ROS-Display */,
				6003F5B5195388D20070C39A /* Tests */,
				6003F58C195388D20070C39A /* Frameworks */,
				6003F58B195388D20070C39A /* Products */,
				22340A55430A4B39F9A7ADC6 /* Pods */,
			);
			sourceTree = "<group>";
		};
		6003F58B195388D20070C39A /* Products */ = {
			isa = PBXGroup;
			children = (
				6003F58A195388D20070C39A /* ROS-Display.app */,
				6003F5AE195388D20070C39A /* Tests.xctest */,
			);
			name = Products;
			sourceTree = "<group>";
		};
		6003F58C195388D20070C39A /* Frameworks */ = {
			isa = PBXGroup;
			children = (
				6003F58D195388D20070C39A /* Foundation.framework */,
				6003F58F195388D20070C39A /* CoreGraphics.framework */,
				6003F591195388D20070C39A /* UIKit.framework */,
				6003F5AF195388D20070C39A /* XCTest.framework */,
				02FFFB80B2AAAC2E43DAA707 /* libPods-Tests.a */,
				1518ACF784946071447C987C /* libPods-ROS-Display.a */,
			);
			name = Frameworks;
			sourceTree = "<group>";
		};
		6003F593195388D20070C39A /* ROS-Display */ = {
			isa = PBXGroup;
			children = (
				9DBF5B161DD3FAD000955FC4 /* Source */,
				F85648181A7135F400A42326 /* Main.storyboard */,
				F85648161A71356E00A42326 /* LaunchScreen.xib */,
				6003F5A8195388D20070C39A /* Images.xcassets */,
				9DBF5AF61DD3F93F00955FC4 /* Library */,
				9D5B0FD81DE4FDCE00CE0A6F /* Extension */,
				6003F594195388D20070C39A /* Supporting Files */,
			);
			name = "ROS-Display";
			path = ROSiOS;
			sourceTree = "<group>";
		};
		6003F594195388D20070C39A /* Supporting Files */ = {
			isa = PBXGroup;
			children = (
				9DBF5B351DD3FC1200955FC4 /* ROSiOS-Bridging-Header.h */,
				6003F595195388D20070C39A /* ROS-Display-Info.plist */,
				6003F596195388D20070C39A /* InfoPlist.strings */,
				6003F599195388D20070C39A /* main.mm */,
				6003F59B195388D20070C39A /* ROS-Display-Prefix.pch */,
			);
			name = "Supporting Files";
			sourceTree = "<group>";
		};
		6003F5B5195388D20070C39A /* Tests */ = {
			isa = PBXGroup;
			children = (
				6003F5BB195388D20070C39A /* Tests.m */,
				6003F5B6195388D20070C39A /* Supporting Files */,
			);
			path = Tests;
			sourceTree = "<group>";
		};
		6003F5B6195388D20070C39A /* Supporting Files */ = {
			isa = PBXGroup;
			children = (
				6003F5B7195388D20070C39A /* Tests-Info.plist */,
				6003F5B8195388D20070C39A /* InfoPlist.strings */,
				606FC2411953D9B200FFA9A0 /* Tests-Prefix.pch */,
			);
			name = "Supporting Files";
			sourceTree = "<group>";
		};
		9D5B0FD81DE4FDCE00CE0A6F /* Extension */ = {
			isa = PBXGroup;
			children = (
				9D5B0FDB1DE4FDF600CE0A6F /* UIAlertController+Window.h */,
			);
			path = Extension;
			sourceTree = "<group>";
		};
		9DBF5AF61DD3F93F00955FC4 /* Library */ = {
			isa = PBXGroup;
			children = (
				9DBF5B361DD3FC6600955FC4 /* PrimaryFlightDisplay */,
			);
			path = Library;
			sourceTree = "<group>";
		};
		9DBF5B161DD3FAD000955FC4 /* Source */ = {
			isa = PBXGroup;
			children = (
				9DBF5B251DD3FAD000955FC4 /* AppDelegate.h */,
				9DBF5B261DD3FAD000955FC4 /* AppDelegate.m */,
				9DBF5B171DD3FAD000955FC4 /* Controller */,
				9DBF5B201DD3FAD000955FC4 /* Handlers */,
				9DBF5B271DD3FAD000955FC4 /* Views */,
			);
			path = Source;
			sourceTree = "<group>";
		};
		9DBF5B171DD3FAD000955FC4 /* Controller */ = {
			isa = PBXGroup;
			children = (
				9DBF5B331DD3FBB300955FC4 /* FlightDisplayViewController.swift */,
				9DBF5B5A1DD401F700955FC4 /* ROSConfigViewController.swift */,
				9DBF5B181DD3FAD000955FC4 /* ListenerViewController.h */,
				9DBF5B191DD3FAD000955FC4 /* ListenerViewController.mm */,
				9DBF5B1A1DD3FAD000955FC4 /* TalkerViewController.h */,
				9DBF5B1B1DD3FAD000955FC4 /* TalkerViewController.mm */,
				9DBF5B1C1DD3FAD000955FC4 /* TopicListTableViewController.h */,
				9DBF5B1D1DD3FAD000955FC4 /* TopicListTableViewController.mm */,
			);
			path = Controller;
			sourceTree = "<group>";
		};
		9DBF5B201DD3FAD000955FC4 /* Handlers */ = {
			isa = PBXGroup;
			children = (
				9DBF5B5C1DD4054D00955FC4 /* ConfigurationViewController.h */,
				9DBF5B5D1DD4054D00955FC4 /* ConfigurationViewController.mm */,
				9DBF5B641DD4063800955FC4 /* ROSSetupHandler.h */,
				9DBF5B651DD4063800955FC4 /* ROSSetupHandler.mm */,
				9DBF5B211DD3FAD000955FC4 /* ROSListenerNode.h */,
				9DBF5B221DD3FAD000955FC4 /* ROSListenerNode.mm */,
				9DBF5B231DD3FAD000955FC4 /* ROSTalkerNode.h */,
				9DBF5B241DD3FAD000955FC4 /* ROSTalkerNode.mm */,
			);
			path = Handlers;
			sourceTree = "<group>";
		};
		9DBF5B271DD3FAD000955FC4 /* Views */ = {
			isa = PBXGroup;
			children = (
				9DBF5B281DD3FAD000955FC4 /* TopicListTableViewCell.h */,
				9DBF5B291DD3FAD000955FC4 /* TopicListTableViewCell.m */,
			);
			path = Views;
			sourceTree = "<group>";
		};
		9DBF5B361DD3FC6600955FC4 /* PrimaryFlightDisplay */ = {
			isa = PBXGroup;
			children = (
				9DBF5B371DD3FC6600955FC4 /* Attitude.swift */,
				9DBF5B381DD3FC6600955FC4 /* AttitudeReferenceIndex.swift */,
				9DBF5B391DD3FC6600955FC4 /* BankIndicator.swift */,
				9DBF5B3A1DD3FC6600955FC4 /* CGFloat+Additions.swift */,
				9DBF5B3B1DD3FC6600955FC4 /* CGSize+Additions.swift */,
				9DBF5B3C1DD3FC6600955FC4 /* Double+Additions.swift */,
				9DBF5B3D1DD3FC6600955FC4 /* Horizon.swift */,
				9DBF5B3E1DD3FC6600955FC4 /* Int+Additions.swift */,
				9DBF5B3F1DD3FC6600955FC4 /* PitchLadder.swift */,
				9DBF5B401DD3FC6600955FC4 /* PrimaryFlightDisplay.h */,
				9DBF5B411DD3FC6600955FC4 /* PrimaryFlightDisplay.swift */,
				9DBF5B421DD3FC6600955FC4 /* Settings.swift */,
				9DBF5B431DD3FC6600955FC4 /* TapeCell.swift */,
				9DBF5B441DD3FC6600955FC4 /* TapeCellContainer.swift */,
				9DBF5B451DD3FC6600955FC4 /* TapeCellModel.swift */,
				9DBF5B461DD3FC6600955FC4 /* TapeCellTriad.swift */,
				9DBF5B471DD3FC6600955FC4 /* TapeIndicator.swift */,
				9DBF5B481DD3FC6600955FC4 /* TapePointer.swift */,
			);
			path = PrimaryFlightDisplay;
			sourceTree = "<group>";
		};
/* End PBXGroup section */

/* Begin PBXNativeTarget section */
		6003F589195388D20070C39A /* ROS-Display */ = {
			isa = PBXNativeTarget;
			buildConfigurationList = 6003F5BF195388D20070C39A /* Build configuration list for PBXNativeTarget "ROS-Display" */;
			buildPhases = (
				30548233064A33F8FBDC4910 /* [CP] Check Pods Manifest.lock */,
				6003F586195388D20070C39A /* Sources */,
				6003F587195388D20070C39A /* Frameworks */,
				6003F588195388D20070C39A /* Resources */,
				EC769B8F265E44D30CE17959 /* [CP] Copy Pods Resources */,
				EF16890485BE4FA441BA1AD6 /* [CP] Embed Pods Frameworks */,
			);
			buildRules = (
			);
			dependencies = (
			);
			name = "ROS-Display";
			productName = ROSiOS;
			productReference = 6003F58A195388D20070C39A /* ROS-Display.app */;
			productType = "com.apple.product-type.application";
		};
		6003F5AD195388D20070C39A /* Tests */ = {
			isa = PBXNativeTarget;
			buildConfigurationList = 6003F5C2195388D20070C39A /* Build configuration list for PBXNativeTarget "Tests" */;
			buildPhases = (
				6003F5AA195388D20070C39A /* Sources */,
				6003F5AB195388D20070C39A /* Frameworks */,
				6003F5AC195388D20070C39A /* Resources */,
			);
			buildRules = (
			);
			dependencies = (
				6003F5B4195388D20070C39A /* PBXTargetDependency */,
			);
			name = Tests;
			productName = ROSiOSTests;
			productReference = 6003F5AE195388D20070C39A /* Tests.xctest */;
			productType = "com.apple.product-type.bundle.unit-test";
		};
/* End PBXNativeTarget section */

/* Begin PBXProject section */
		6003F582195388D10070C39A /* Project object */ = {
			isa = PBXProject;
			attributes = {
				CLASSPREFIX = "";
				LastUpgradeCheck = 0810;
				ORGANIZATIONNAME = "Canopy Robotics";
				TargetAttributes = {
					6003F589195388D20070C39A = {
						DevelopmentTeam = YP67PBW67S;
						LastSwiftMigration = 0810;
					};
					6003F5AD195388D20070C39A = {
						TestTargetID = 6003F589195388D20070C39A;
					};
				};
			};
			buildConfigurationList = 6003F585195388D10070C39A /* Build configuration list for PBXProject "ROS-Display" */;
			compatibilityVersion = "Xcode 8.0";
			developmentRegion = English;
			hasScannedForEncodings = 0;
			knownRegions = (
				en,
				Base,
			);
			mainGroup = 6003F581195388D10070C39A;
			productRefGroup = 6003F58B195388D20070C39A /* Products */;
			projectDirPath = "";
			projectRoot = "";
			targets = (
				6003F589195388D20070C39A /* ROS-Display */,
				6003F5AD195388D20070C39A /* Tests */,
			);
		};
/* End PBXProject section */

/* Begin PBXResourcesBuildPhase section */
		6003F588195388D20070C39A /* Resources */ = {
			isa = PBXResourcesBuildPhase;
			buildActionMask = 2147483647;
			files = (
				F85648171A71356E00A42326 /* LaunchScreen.xib in Resources */,
				6003F5A9195388D20070C39A /* Images.xcassets in Resources */,
				6003F598195388D20070C39A /* InfoPlist.strings in Resources */,
				F856481A1A7135F400A42326 /* Main.storyboard in Resources */,
			);
			runOnlyForDeploymentPostprocessing = 0;
		};
		6003F5AC195388D20070C39A /* Resources */ = {
			isa = PBXResourcesBuildPhase;
			buildActionMask = 2147483647;
			files = (
				6003F5BA195388D20070C39A /* InfoPlist.strings in Resources */,
			);
			runOnlyForDeploymentPostprocessing = 0;
		};
/* End PBXResourcesBuildPhase section */

/* Begin PBXShellScriptBuildPhase section */
		30548233064A33F8FBDC4910 /* [CP] Check Pods Manifest.lock */ = {
			isa = PBXShellScriptBuildPhase;
			buildActionMask = 2147483647;
			files = (
			);
			inputPaths = (
			);
			name = "[CP] Check Pods Manifest.lock";
			outputPaths = (
			);
			runOnlyForDeploymentPostprocessing = 0;
			shellPath = /bin/sh;
			shellScript = "diff \"${PODS_ROOT}/../Podfile.lock\" \"${PODS_ROOT}/Manifest.lock\" > /dev/null\nif [ $? != 0 ] ; then\n    # print error to STDERR\n    echo \"error: The sandbox is not in sync with the Podfile.lock. Run 'pod install' or update your CocoaPods installation.\" >&2\n    exit 1\nfi\n";
			showEnvVarsInLog = 0;
		};
		EC769B8F265E44D30CE17959 /* [CP] Copy Pods Resources */ = {
			isa = PBXShellScriptBuildPhase;
			buildActionMask = 2147483647;
			files = (
			);
			inputPaths = (
			);
			name = "[CP] Copy Pods Resources";
			outputPaths = (
			);
			runOnlyForDeploymentPostprocessing = 0;
			shellPath = /bin/sh;
			shellScript = "\"${SRCROOT}/Pods/Target Support Files/Pods-ROS-Display/Pods-ROS-Display-resources.sh\"\n";
			showEnvVarsInLog = 0;
		};
		EF16890485BE4FA441BA1AD6 /* [CP] Embed Pods Frameworks */ = {
			isa = PBXShellScriptBuildPhase;
			buildActionMask = 2147483647;
			files = (
			);
			inputPaths = (
			);
			name = "[CP] Embed Pods Frameworks";
			outputPaths = (
			);
			runOnlyForDeploymentPostprocessing = 0;
			shellPath = /bin/sh;
			shellScript = "\"${SRCROOT}/Pods/Target Support Files/Pods-ROS-Display/Pods-ROS-Display-frameworks.sh\"\n";
			showEnvVarsInLog = 0;
		};
/* End PBXShellScriptBuildPhase section */

/* Begin PBXSourcesBuildPhase section */
		6003F586195388D20070C39A /* Sources */ = {
			isa = PBXSourcesBuildPhase;
			buildActionMask = 2147483647;
			files = (
				9DBF5B341DD3FBB300955FC4 /* FlightDisplayViewController.swift in Sources */,
				9DBF5B2F1DD3FAD000955FC4 /* ROSTalkerNode.mm in Sources */,
				9DBF5B511DD3FC6600955FC4 /* PitchLadder.swift in Sources */,
				9DBF5B661DD4063800955FC4 /* ROSSetupHandler.mm in Sources */,
				9DBF5B581DD3FC6600955FC4 /* TapeIndicator.swift in Sources */,
				9DBF5B4A1DD3FC6600955FC4 /* AttitudeReferenceIndex.swift in Sources */,
				9DBF5B551DD3FC6600955FC4 /* TapeCellContainer.swift in Sources */,
				9DBF5B4B1DD3FC6600955FC4 /* BankIndicator.swift in Sources */,
				9DBF5B2E1DD3FAD000955FC4 /* ROSListenerNode.mm in Sources */,
				9DBF5B541DD3FC6600955FC4 /* TapeCell.swift in Sources */,
				9DBF5B561DD3FC6600955FC4 /* TapeCellModel.swift in Sources */,
				9DBF5B4E1DD3FC6600955FC4 /* Double+Additions.swift in Sources */,
				9DBF5B4C1DD3FC6600955FC4 /* CGFloat+Additions.swift in Sources */,
				9DBF5B571DD3FC6600955FC4 /* TapeCellTriad.swift in Sources */,
				9DBF5B601DD4054D00955FC4 /* ConfigurationViewController.mm in Sources */,
				9DBF5B491DD3FC6600955FC4 /* Attitude.swift in Sources */,
				9DBF5B2C1DD3FAD000955FC4 /* TopicListTableViewController.mm in Sources */,
				9DBF5B4D1DD3FC6600955FC4 /* CGSize+Additions.swift in Sources */,
				9DBF5B4F1DD3FC6600955FC4 /* Horizon.swift in Sources */,
				9DBF5B521DD3FC6600955FC4 /* PrimaryFlightDisplay.swift in Sources */,
				9DBF5B311DD3FAD000955FC4 /* TopicListTableViewCell.m in Sources */,
				6003F59A195388D20070C39A /* main.mm in Sources */,
				9DBF5B5B1DD401F700955FC4 /* ROSConfigViewController.swift in Sources */,
				9DBF5B2A1DD3FAD000955FC4 /* ListenerViewController.mm in Sources */,
				9DBF5B501DD3FC6600955FC4 /* Int+Additions.swift in Sources */,
				9DBF5B531DD3FC6600955FC4 /* Settings.swift in Sources */,
				9DBF5B2B1DD3FAD000955FC4 /* TalkerViewController.mm in Sources */,
				9DBF5B301DD3FAD000955FC4 /* AppDelegate.m in Sources */,
				9DBF5B591DD3FC6600955FC4 /* TapePointer.swift in Sources */,
			);
			runOnlyForDeploymentPostprocessing = 0;
		};
		6003F5AA195388D20070C39A /* Sources */ = {
			isa = PBXSourcesBuildPhase;
			buildActionMask = 2147483647;
			files = (
				6003F5BC195388D20070C39A /* Tests.m in Sources */,
			);
			runOnlyForDeploymentPostprocessing = 0;
		};
/* End PBXSourcesBuildPhase section */

/* Begin PBXTargetDependency section */
		6003F5B4195388D20070C39A /* PBXTargetDependency */ = {
			isa = PBXTargetDependency;
			target = 6003F589195388D20070C39A /* ROS-Display */;
			targetProxy = 6003F5B3195388D20070C39A /* PBXContainerItemProxy */;
		};
/* End PBXTargetDependency section */

/* Begin PBXVariantGroup section */
		6003F596195388D20070C39A /* InfoPlist.strings */ = {
			isa = PBXVariantGroup;
			children = (
				6003F597195388D20070C39A /* en */,
			);
			name = InfoPlist.strings;
			sourceTree = "<group>";
		};
		6003F5B8195388D20070C39A /* InfoPlist.strings */ = {
			isa = PBXVariantGroup;
			children = (
				6003F5B9195388D20070C39A /* en */,
			);
			name = InfoPlist.strings;
			sourceTree = "<group>";
		};
		F85648181A7135F400A42326 /* Main.storyboard */ = {
			isa = PBXVariantGroup;
			children = (
				F85648191A7135F400A42326 /* Base */,
			);
			name = Main.storyboard;
			path = ..;
			sourceTree = "<group>";
		};
/* End PBXVariantGroup section */

/* Begin XCBuildConfiguration section */
		6003F5BD195388D20070C39A /* Debug */ = {
			isa = XCBuildConfiguration;
			buildSettings = {
				ALWAYS_SEARCH_USER_PATHS = NO;
				CLANG_CXX_LANGUAGE_STANDARD = "gnu++0x";
				CLANG_CXX_LIBRARY = "libc++";
				CLANG_ENABLE_MODULES = YES;
				CLANG_ENABLE_OBJC_ARC = YES;
				CLANG_WARN_BOOL_CONVERSION = YES;
				CLANG_WARN_CONSTANT_CONVERSION = YES;
				CLANG_WARN_DIRECT_OBJC_ISA_USAGE = YES_ERROR;
				CLANG_WARN_EMPTY_BODY = YES;
				CLANG_WARN_ENUM_CONVERSION = YES;
				CLANG_WARN_INFINITE_RECURSION = YES;
				CLANG_WARN_INT_CONVERSION = YES;
				CLANG_WARN_OBJC_ROOT_CLASS = YES_ERROR;
				CLANG_WARN_SUSPICIOUS_MOVE = YES;
				CLANG_WARN_UNREACHABLE_CODE = YES;
				CLANG_WARN__DUPLICATE_METHOD_MATCH = YES;
				"CODE_SIGN_IDENTITY[sdk=iphoneos*]" = "iPhone Developer";
				COPY_PHASE_STRIP = NO;
				ENABLE_STRICT_OBJC_MSGSEND = YES;
				ENABLE_TESTABILITY = YES;
				GCC_C_LANGUAGE_STANDARD = gnu99;
				GCC_DYNAMIC_NO_PIC = NO;
				GCC_NO_COMMON_BLOCKS = YES;
				GCC_OPTIMIZATION_LEVEL = 0;
				GCC_PREPROCESSOR_DEFINITIONS = (
					"DEBUG=1",
					"$(inherited)",
				);
				GCC_SYMBOLS_PRIVATE_EXTERN = NO;
				GCC_WARN_64_TO_32_BIT_CONVERSION = YES;
				GCC_WARN_ABOUT_RETURN_TYPE = YES_ERROR;
				GCC_WARN_UNDECLARED_SELECTOR = YES;
				GCC_WARN_UNINITIALIZED_AUTOS = YES_AGGRESSIVE;
				GCC_WARN_UNUSED_FUNCTION = YES;
				GCC_WARN_UNUSED_VARIABLE = YES;
				IPHONEOS_DEPLOYMENT_TARGET = 9.1;
				ONLY_ACTIVE_ARCH = YES;
				SDKROOT = iphoneos;
				TARGETED_DEVICE_FAMILY = "1,2";
			};
			name = Debug;
		};
		6003F5BE195388D20070C39A /* Release */ = {
			isa = XCBuildConfiguration;
			buildSettings = {
				ALWAYS_SEARCH_USER_PATHS = NO;
				CLANG_CXX_LANGUAGE_STANDARD = "gnu++0x";
				CLANG_CXX_LIBRARY = "libc++";
				CLANG_ENABLE_MODULES = YES;
				CLANG_ENABLE_OBJC_ARC = YES;
				CLANG_WARN_BOOL_CONVERSION = YES;
				CLANG_WARN_CONSTANT_CONVERSION = YES;
				CLANG_WARN_DIRECT_OBJC_ISA_USAGE = YES_ERROR;
				CLANG_WARN_EMPTY_BODY = YES;
				CLANG_WARN_ENUM_CONVERSION = YES;
				CLANG_WARN_INFINITE_RECURSION = YES;
				CLANG_WARN_INT_CONVERSION = YES;
				CLANG_WARN_OBJC_ROOT_CLASS = YES_ERROR;
				CLANG_WARN_SUSPICIOUS_MOVE = YES;
				CLANG_WARN_UNREACHABLE_CODE = YES;
				CLANG_WARN__DUPLICATE_METHOD_MATCH = YES;
				"CODE_SIGN_IDENTITY[sdk=iphoneos*]" = "iPhone Developer";
				COPY_PHASE_STRIP = YES;
				ENABLE_NS_ASSERTIONS = NO;
				ENABLE_STRICT_OBJC_MSGSEND = YES;
				GCC_C_LANGUAGE_STANDARD = gnu99;
				GCC_NO_COMMON_BLOCKS = YES;
				GCC_WARN_64_TO_32_BIT_CONVERSION = YES;
				GCC_WARN_ABOUT_RETURN_TYPE = YES_ERROR;
				GCC_WARN_UNDECLARED_SELECTOR = YES;
				GCC_WARN_UNINITIALIZED_AUTOS = YES_AGGRESSIVE;
				GCC_WARN_UNUSED_FUNCTION = YES;
				GCC_WARN_UNUSED_VARIABLE = YES;
				IPHONEOS_DEPLOYMENT_TARGET = 9.1;
				SDKROOT = iphoneos;
				SWIFT_OPTIMIZATION_LEVEL = "-Owholemodule";
				TARGETED_DEVICE_FAMILY = "1,2";
				VALIDATE_PRODUCT = YES;
			};
			name = Release;
		};
		6003F5C0195388D20070C39A /* Debug */ = {
			isa = XCBuildConfiguration;
			baseConfigurationReference = 26D3E5B1CFF47FBE26C0937D /* Pods-ROS-Display.debug.xcconfig */;
			buildSettings = {
				ASSETCATALOG_COMPILER_APPICON_NAME = AppIcon;
				CLANG_ENABLE_MODULES = YES;
				DEVELOPMENT_TEAM = YP67PBW67S;
				ENABLE_BITCODE = NO;
				GCC_PRECOMPILE_PREFIX_HEADER = YES;
				GCC_PREFIX_HEADER = "ROSiOS/ROS-Display-Prefix.pch";
				INFOPLIST_FILE = "ROSiOS/ROS-Display-Info.plist";
				IPHONEOS_DEPLOYMENT_TARGET = 9.0;
				LD_RUNPATH_SEARCH_PATHS = "$(inherited) @executable_path/Frameworks";
				PRODUCT_BUNDLE_IDENTIFIER = com.canopygroup.rosdisplay;
				PRODUCT_NAME = "$(TARGET_NAME)";
				SWIFT_OBJC_BRIDGING_HEADER = "ROSiOS/ROSiOS-Bridging-Header.h";
				SWIFT_OPTIMIZATION_LEVEL = "-Onone";
				SWIFT_VERSION = 3.0;
				TARGETED_DEVICE_FAMILY = "1,2";
				WRAPPER_EXTENSION = app;
			};
			name = Debug;
		};
		6003F5C1195388D20070C39A /* Release */ = {
			isa = XCBuildConfiguration;
			baseConfigurationReference = 71C176B9B0D2CD718D320554 /* Pods-ROS-Display.release.xcconfig */;
			buildSettings = {
				ASSETCATALOG_COMPILER_APPICON_NAME = AppIcon;
				CLANG_ENABLE_MODULES = YES;
				DEVELOPMENT_TEAM = YP67PBW67S;
				ENABLE_BITCODE = NO;
				GCC_PRECOMPILE_PREFIX_HEADER = YES;
				GCC_PREFIX_HEADER = "ROSiOS/ROS-Display-Prefix.pch";
				INFOPLIST_FILE = "ROSiOS/ROS-Display-Info.plist";
				IPHONEOS_DEPLOYMENT_TARGET = 9.0;
				LD_RUNPATH_SEARCH_PATHS = "$(inherited) @executable_path/Frameworks";
				PRODUCT_BUNDLE_IDENTIFIER = com.canopygroup.rosdisplay;
				PRODUCT_NAME = "$(TARGET_NAME)";
				SWIFT_OBJC_BRIDGING_HEADER = "ROSiOS/ROSiOS-Bridging-Header.h";
				SWIFT_VERSION = 3.0;
				TARGETED_DEVICE_FAMILY = "1,2";
				WRAPPER_EXTENSION = app;
			};
			name = Release;
		};
		6003F5C3195388D20070C39A /* Debug */ = {
			isa = XCBuildConfiguration;
			buildSettings = {
				ALWAYS_EMBED_SWIFT_STANDARD_LIBRARIES = YES;
				BUNDLE_LOADER = "$(BUILT_PRODUCTS_DIR)/ROSiOS.app/ROSiOS";
				FRAMEWORK_SEARCH_PATHS = (
					"$(SDKROOT)/Developer/Library/Frameworks",
					"$(inherited)",
					"$(DEVELOPER_FRAMEWORKS_DIR)",
				);
				GCC_PRECOMPILE_PREFIX_HEADER = YES;
				GCC_PREFIX_HEADER = "Tests/Tests-Prefix.pch";
				GCC_PREPROCESSOR_DEFINITIONS = (
					"DEBUG=1",
					"$(inherited)",
				);
				INFOPLIST_FILE = "Tests/Tests-Info.plist";
				PRODUCT_BUNDLE_IDENTIFIER = "org.cocoapods.demo.${PRODUCT_NAME:rfc1034identifier}";
				PRODUCT_NAME = "$(TARGET_NAME)";
				TEST_HOST = "$(BUNDLE_LOADER)";
				WRAPPER_EXTENSION = xctest;
			};
			name = Debug;
		};
		6003F5C4195388D20070C39A /* Release */ = {
			isa = XCBuildConfiguration;
			buildSettings = {
				ALWAYS_EMBED_SWIFT_STANDARD_LIBRARIES = YES;
				BUNDLE_LOADER = "$(BUILT_PRODUCTS_DIR)/ROSiOS.app/ROSiOS";
				FRAMEWORK_SEARCH_PATHS = (
					"$(SDKROOT)/Developer/Library/Frameworks",
					"$(inherited)",
					"$(DEVELOPER_FRAMEWORKS_DIR)",
				);
				GCC_PRECOMPILE_PREFIX_HEADER = YES;
				GCC_PREFIX_HEADER = "Tests/Tests-Prefix.pch";
				INFOPLIST_FILE = "Tests/Tests-Info.plist";
				PRODUCT_BUNDLE_IDENTIFIER = "org.cocoapods.demo.${PRODUCT_NAME:rfc1034identifier}";
				PRODUCT_NAME = "$(TARGET_NAME)";
				TEST_HOST = "$(BUNDLE_LOADER)";
				WRAPPER_EXTENSION = xctest;
			};
			name = Release;
		};
/* End XCBuildConfiguration section */

/* Begin XCConfigurationList section */
		6003F585195388D10070C39A /* Build configuration list for PBXProject "ROS-Display" */ = {
			isa = XCConfigurationList;
			buildConfigurations = (
				6003F5BD195388D20070C39A /* Debug */,
				6003F5BE195388D20070C39A /* Release */,
			);
			defaultConfigurationIsVisible = 0;
			defaultConfigurationName = Release;
		};
		6003F5BF195388D20070C39A /* Build configuration list for PBXNativeTarget "ROS-Display" */ = {
			isa = XCConfigurationList;
			buildConfigurations = (
				6003F5C0195388D20070C39A /* Debug */,
				6003F5C1195388D20070C39A /* Release */,
			);
			defaultConfigurationIsVisible = 0;
			defaultConfigurationName = Release;
		};
		6003F5C2195388D20070C39A /* Build configuration list for PBXNativeTarget "Tests" */ = {
			isa = XCConfigurationList;
			buildConfigurations = (
				6003F5C3195388D20070C39A /* Debug */,
				6003F5C4195388D20070C39A /* Release */,
			);
			defaultConfigurationIsVisible = 0;
			defaultConfigurationName = Release;
		};
/* End XCConfigurationList section */
	};
	rootObject = 6003F582195388D10070C39A /* Project object */;
}
